Microsoft Visual Studio Solution File, Format Version 12.00
# Visual Studio Version 17
VisualStudioVersion = 17.5.2.0
MinimumVisualStudioVersion = 10.0.40219.1
Project("{FAE04EC0-301F-11D3-BF4B-00C04F79EFBC}") = "Comp586GroupProject", "Comp586GroupProject.csproj", "{97003FE9-1ADE-ED0D-8519-E92C09A1B842}"
EndProject
Global
	GlobalSection(SolutionConfigurationPlatforms) = preSolution
		Debug|Any CPU = Debug|Any CPU
		Release|Any CPU = Release|Any CPU
	EndGlobalSection
	GlobalSection(ProjectConfigurationPlatforms) = postSolution
		{97003FE9-1ADE-ED0D-8519-E92C09A1B842}.Debug|Any CPU.ActiveCfg = Debug|Any CPU
		{97003FE9-1ADE-ED0D-8519-E92C09A1B842}.Debug|Any CPU.Build.0 = Debug|Any CPU
		{97003FE9-1ADE-ED0D-8519-E92C09A1B842}.Release|Any CPU.ActiveCfg = Release|Any CPU
		{97003FE9-1ADE-ED0D-8519-E92C09A1B842}.Release|Any CPU.Build.0 = Release|Any CPU
	EndGlobalSection
	GlobalSection(SolutionProperties) = preSolution
		HideSolutionNode = FALSE
	EndGlobalSection
	GlobalSection(ExtensibilityGlobals) = postSolution
		SolutionGuid = {FB3AF0E7-50D4-44BA-B749-D8A8A34B0009}
	EndGlobalSection
EndGlobal
